// !$*UTF8*$!
{
	archiveVersion = 1;
	classes = {
	};
	objectVersion = 56;
	objects = {

/* Begin PBXBuildFile section */
		8B0F24D22C7730F1002CA7D7 /* AppDelegate.swift in Sources */ = {isa = PBXBuildFile; fileRef = 8B0F24D12C7730F1002CA7D7 /* AppDelegate.swift */; };
		8B0F24D42C7730F1002CA7D7 /* SceneDelegate.swift in Sources */ = {isa = PBXBuildFile; fileRef = 8B0F24D32C7730F1002CA7D7 /* SceneDelegate.swift */; };
		8B0F24DB2C7730F2002CA7D7 /* Assets.xcassets in Resources */ = {isa = PBXBuildFile; fileRef = 8B0F24DA2C7730F2002CA7D7 /* Assets.xcassets */; };
		8B0F24DE2C7730F2002CA7D7 /* Base in Resources */ = {isa = PBXBuildFile; fileRef = 8B0F24DD2C7730F2002CA7D7 /* Base */; };
		8B0F24E92C7731AA002CA7D7 /* HomeController.swift in Sources */ = {isa = PBXBuildFile; fileRef = 8B0F24E82C7731AA002CA7D7 /* HomeController.swift */; };
		8B0F24EB2C77322B002CA7D7 /* Pictures in Resources */ = {isa = PBXBuildFile; fileRef = 8B0F24EA2C77322B002CA7D7 /* Pictures */; };
		8B0F24EE2C77330E002CA7D7 /* PictureCell.swift in Sources */ = {isa = PBXBuildFile; fileRef = 8B0F24ED2C77330E002CA7D7 /* PictureCell.swift */; };
		8B0F24F12C773682002CA7D7 /* Picture.swift in Sources */ = {isa = PBXBuildFile; fileRef = 8B0F24F02C773682002CA7D7 /* Picture.swift */; };
		8B0F24F32C773826002CA7D7 /* DetailController.swift in Sources */ = {isa = PBXBuildFile; fileRef = 8B0F24F22C773826002CA7D7 /* DetailController.swift */; };
/* End PBXBuildFile section */

/* Begin PBXFileReference section */
		8B0F24CE2C7730F1002CA7D7 /* ocean-viewer.app */ = {isa = PBXFileReference; explicitFileType = wrapper.application; includeInIndex = 0; path = "ocean-viewer.app"; sourceTree = BUILT_PRODUCTS_DIR; };
		8B0F24D12C7730F1002CA7D7 /* AppDelegate.swift */ = {isa = PBXFileReference; lastKnownFileType = sourcecode.swift; path = AppDelegate.swift; sourceTree = "<group>"; };
		8B0F24D32C7730F1002CA7D7 /* SceneDelegate.swift */ = {isa = PBXFileReference; lastKnownFileType = sourcecode.swift; path = SceneDelegate.swift; sourceTree = "<group>"; };
		8B0F24DA2C7730F2002CA7D7 /* Assets.xcassets */ = {isa = PBXFileReference; lastKnownFileType = folder.assetcatalog; path = Assets.xcassets; sourceTree = "<group>"; };
		8B0F24DD2C7730F2002CA7D7 /* Base */ = {isa = PBXFileReference; lastKnownFileType = file.storyboard; name = Base; path = Base.lproj/LaunchScreen.storyboard; sourceTree = "<group>"; };
		8B0F24DF2C7730F2002CA7D7 /* Info.plist */ = {isa = PBXFileReference; lastKnownFileType = text.plist.xml; path = Info.plist; sourceTree = "<group>"; };
		8B0F24E82C7731AA002CA7D7 /* HomeController.swift */ = {isa = PBXFileReference; lastKnownFileType = sourcecode.swift; path = HomeController.swift; sourceTree = "<group>"; };
		8B0F24EA2C77322B002CA7D7 /* Pictures */ = {isa = PBXFileReference; lastKnownFileType = folder; path = Pictures; sourceTree = "<group>"; };
		8B0F24ED2C77330E002CA7D7 /* PictureCell.swift */ = {isa = PBXFileReference; lastKnownFileType = sourcecode.swift; path = PictureCell.swift; sourceTree = "<group>"; };
		8B0F24F02C773682002CA7D7 /* Picture.swift */ = {isa = PBXFileReference; lastKnownFileType = sourcecode.swift; path = Picture.swift; sourceTree = "<group>"; };
		8B0F24F22C773826002CA7D7 /* DetailController.swift */ = {isa = PBXFileReference; lastKnownFileType = sourcecode.swift; path = DetailController.swift; sourceTree = "<group>"; };
/* End PBXFileReference section */

/* Begin PBXFrameworksBuildPhase section */
		8B0F24CB2C7730F1002CA7D7 /* Frameworks */ = {
			isa = PBXFrameworksBuildPhase;
			buildActionMask = 2147483647;
			files = (
			);
			runOnlyForDeploymentPostprocessing = 0;
		};
/* End PBXFrameworksBuildPhase section */

/* Begin PBXGroup section */
		8B0F24C52C7730F0002CA7D7 = {
			isa = PBXGroup;
			children = (
				8B0F24D02C7730F1002CA7D7 /* ocean-viewer */,
				8B0F24CF2C7730F1002CA7D7 /* Products */,
			);
			sourceTree = "<group>";
		};
		8B0F24CF2C7730F1002CA7D7 /* Products */ = {
			isa = PBXGroup;
			children = (
				8B0F24CE2C7730F1002CA7D7 /* ocean-viewer.app */,
			);
			name = Products;
			sourceTree = "<group>";
		};
		8B0F24D02C7730F1002CA7D7 /* ocean-viewer */ = {
			isa = PBXGroup;
			children = (
				8B0F24EC2C773300002CA7D7 /* View */,
				8B0F24EF2C773677002CA7D7 /* Model */,
				8B0F24E52C77317B002CA7D7 /* Controller */,
				8B0F24E62C773182002CA7D7 /* Support */,
				8B0F24E72C773192002CA7D7 /* Resources */,
				8B0F24DF2C7730F2002CA7D7 /* Info.plist */,
			);
			path = "ocean-viewer";
			sourceTree = "<group>";
		};
		8B0F24E52C77317B002CA7D7 /* Controller */ = {
			isa = PBXGroup;
			children = (
				8B0F24E82C7731AA002CA7D7 /* HomeController.swift */,
				8B0F24F22C773826002CA7D7 /* DetailController.swift */,
			);
			path = Controller;
			sourceTree = "<group>";
		};
		8B0F24E62C773182002CA7D7 /* Support */ = {
			isa = PBXGroup;
			children = (
				8B0F24D12C7730F1002CA7D7 /* AppDelegate.swift */,
				8B0F24D32C7730F1002CA7D7 /* SceneDelegate.swift */,
				8B0F24DC2C7730F2002CA7D7 /* LaunchScreen.storyboard */,
			);
			path = Support;
			sourceTree = "<group>";
		};
		8B0F24E72C773192002CA7D7 /* Resources */ = {
			isa = PBXGroup;
			children = (
				8B0F24EA2C77322B002CA7D7 /* Pictures */,
				8B0F24DA2C7730F2002CA7D7 /* Assets.xcassets */,
			);
			path = Resources;
			sourceTree = "<group>";
		};
		8B0F24EC2C773300002CA7D7 /* View */ = {
			isa = PBXGroup;
			children = (
				8B0F24ED2C77330E002CA7D7 /* PictureCell.swift */,
			);
			path = View;
			sourceTree = "<group>";
		};
		8B0F24EF2C773677002CA7D7 /* Model */ = {
			isa = PBXGroup;
			children = (
				8B0F24F02C773682002CA7D7 /* Picture.swift */,
			);
			path = Model;
			sourceTree = "<group>";
		};
/* End PBXGroup section */

/* Begin PBXNativeTarget section */
		8B0F24CD2C7730F1002CA7D7 /* ocean-viewer */ = {
			isa = PBXNativeTarget;
			buildConfigurationList = 8B0F24E22C7730F2002CA7D7 /* Build configuration list for PBXNativeTarget "ocean-viewer" */;
			buildPhases = (
				8B0F24CA2C7730F1002CA7D7 /* Sources */,
				8B0F24CB2C7730F1002CA7D7 /* Frameworks */,
				8B0F24CC2C7730F1002CA7D7 /* Resources */,
			);
			buildRules = (
			);
			dependencies = (
			);
			name = "ocean-viewer";
			productName = "ocean-viewer";
			productReference = 8B0F24CE2C7730F1002CA7D7 /* ocean-viewer.app */;
			productType = "com.apple.product-type.application";
		};
/* End PBXNativeTarget section */

/* Begin PBXProject section */
		8B0F24C62C7730F0002CA7D7 /* Project object */ = {
			isa = PBXProject;
			attributes = {
				BuildIndependentTargetsInParallel = 1;
				LastSwiftUpdateCheck = 1540;
				LastUpgradeCheck = 1540;
				TargetAttributes = {
					8B0F24CD2C7730F1002CA7D7 = {
						CreatedOnToolsVersion = 15.4;
					};
				};
			};
			buildConfigurationList = 8B0F24C92C7730F0002CA7D7 /* Build configuration list for PBXProject "ocean-viewer" */;
			compatibilityVersion = "Xcode 14.0";
			developmentRegion = en;
			hasScannedForEncodings = 0;
			knownRegions = (
				en,
				Base,
			);
			mainGroup = 8B0F24C52C7730F0002CA7D7;
			productRefGroup = 8B0F24CF2C7730F1002CA7D7 /* Products */;
			projectDirPath = "";
			projectRoot = "";
			targets = (
				8B0F24CD2C7730F1002CA7D7 /* ocean-viewer */,
			);
		};
/* End PBXProject section */

/* Begin PBXResourcesBuildPhase section */
		8B0F24CC2C7730F1002CA7D7 /* Resources */ = {
			isa = PBXResourcesBuildPhase;
			buildActionMask = 2147483647;
			files = (
				8B0F24EB2C77322B002CA7D7 /* Pictures in Resources */,
				8B0F24DB2C7730F2002CA7D7 /* Assets.xcassets in Resources */,
				8B0F24DE2C7730F2002CA7D7 /* Base in Resources */,
			);
			runOnlyForDeploymentPostprocessing = 0;
		};
/* End PBXResourcesBuildPhase section */

/* Begin PBXSourcesBuildPhase section */
		8B0F24CA2C7730F1002CA7D7 /* Sources */ = {
			isa = PBXSourcesBuildPhase;
			buildActionMask = 2147483647;
			files = (
				8B0F24EE2C77330E002CA7D7 /* PictureCell.swift in Sources */,
				8B0F24F12C773682002CA7D7 /* Picture.swift in Sources */,
				8B0F24D22C7730F1002CA7D7 /* AppDelegate.swift in Sources */,
				8B0F24D42C7730F1002CA7D7 /* SceneDelegate.swift in Sources */,
				8B0F24F32C773826002CA7D7 /* DetailController.swift in Sources */,
				8B0F24E92C7731AA002CA7D7 /* HomeController.swift in Sources */,
			);
			runOnlyForDeploymentPostprocessing = 0;
		};
/* End PBXSourcesBuildPhase section */

/* Begin PBXVariantGroup section */
		8B0F24DC2C7730F2002CA7D7 /* LaunchScreen.storyboard */ = {
			isa = PBXVariantGroup;
			children = (
				8B0F24DD2C7730F2002CA7D7 /* Base */,
			);
			name = LaunchScreen.storyboard;
			sourceTree = "<group>";
		};
/* End PBXVariantGroup section */

/* Begin XCBuildConfiguration section */
		8B0F24E02C7730F2002CA7D7 /* Debug */ = {
			isa = XCBuildConfiguration;
			buildSettings = {
				ALWAYS_SEARCH_USER_PATHS = NO;
				ASSETCATALOG_COMPILER_GENERATE_SWIFT_ASSET_SYMBOL_EXTENSIONS = YES;
				CLANG_ANALYZER_NONNULL = YES;
				CLANG_ANALYZER_NUMBER_OBJECT_CONVERSION = YES_AGGRESSIVE;
				CLANG_CXX_LANGUAGE_STANDARD = "gnu++20";
				CLANG_ENABLE_MODULES = YES;
				CLANG_ENABLE_OBJC_ARC = YES;
				CLANG_ENABLE_OBJC_WEAK = YES;
				CLANG_WARN_BLOCK_CAPTURE_AUTORELEASING = YES;
				CLANG_WARN_BOOL_CONVERSION = YES;
				CLANG_WARN_COMMA = YES;
				CLANG_WARN_CONSTANT_CONVERSION = YES;
				CLANG_WARN_DEPRECATED_OBJC_IMPLEMENTATIONS = YES;
				CLANG_WARN_DIRECT_OBJC_ISA_USAGE = YES_ERROR;
				CLANG_WARN_DOCUMENTATION_COMMENTS = YES;
				CLANG_WARN_EMPTY_BODY = YES;
				CLANG_WARN_ENUM_CONVERSION = YES;
				CLANG_WARN_INFINITE_RECURSION = YES;
				CLANG_WARN_INT_CONVERSION = YES;
				CLANG_WARN_NON_LITERAL_NULL_CONVERSION = YES;
				CLANG_WARN_OBJC_IMPLICIT_RETAIN_SELF = YES;
				CLANG_WARN_OBJC_LITERAL_CONVERSION = YES;
				CLANG_WARN_OBJC_ROOT_CLASS = YES_ERROR;
				CLANG_WARN_QUOTED_INCLUDE_IN_FRAMEWORK_HEADER = YES;
				CLANG_WARN_RANGE_LOOP_ANALYSIS = YES;
				CLANG_WARN_STRICT_PROTOTYPES = YES;
				CLANG_WARN_SUSPICIOUS_MOVE = YES;
				CLANG_WARN_UNGUARDED_AVAILABILITY = YES_AGGRESSIVE;
				CLANG_WARN_UNREACHABLE_CODE = YES;
				CLANG_WARN__DUPLICATE_METHOD_MATCH = YES;
				COPY_PHASE_STRIP = NO;
				DEBUG_INFORMATION_FORMAT = dwarf;
				ENABLE_STRICT_OBJC_MSGSEND = YES;
				ENABLE_TESTABILITY = YES;
				ENABLE_USER_SCRIPT_SANDBOXING = YES;
				GCC_C_LANGUAGE_STANDARD = gnu17;
				GCC_DYNAMIC_NO_PIC = NO;
				GCC_NO_COMMON_BLOCKS = YES;
				GCC_OPTIMIZATION_LEVEL = 0;
				GCC_PREPROCESSOR_DEFINITIONS = (
					"DEBUG=1",
					"$(inherited)",
				);
				GCC_WARN_64_TO_32_BIT_CONVERSION = YES;
				GCC_WARN_ABOUT_RETURN_TYPE = YES_ERROR;
				GCC_WARN_UNDECLARED_SELECTOR = YES;
				GCC_WARN_UNINITIALIZED_AUTOS = YES_AGGRESSIVE;
				GCC_WARN_UNUSED_FUNCTION = YES;
				GCC_WARN_UNUSED_VARIABLE = YES;
				IPHONEOS_DEPLOYMENT_TARGET = 15.0;
				LOCALIZATION_PREFERS_STRING_CATALOGS = YES;
				MTL_ENABLE_DEBUG_INFO = INCLUDE_SOURCE;
				MTL_FAST_MATH = YES;
				ONLY_ACTIVE_ARCH = YES;
				SDKROOT = iphoneos;
				SWIFT_ACTIVE_COMPILATION_CONDITIONS = "DEBUG $(inherited)";
				SWIFT_OPTIMIZATION_LEVEL = "-Onone";
			};
			name = Debug;
		};
		8B0F24E12C7730F2002CA7D7 /* Release */ = {
			isa = XCBuildConfiguration;
			buildSettings = {
				ALWAYS_SEARCH_USER_PATHS = NO;
				ASSETCATALOG_COMPILER_GENERATE_SWIFT_ASSET_SYMBOL_EXTENSIONS = YES;
				CLANG_ANALYZER_NONNULL = YES;
				CLANG_ANALYZER_NUMBER_OBJECT_CONVERSION = YES_AGGRESSIVE;
				CLANG_CXX_LANGUAGE_STANDARD = "gnu++20";
				CLANG_ENABLE_MODULES = YES;
				CLANG_ENABLE_OBJC_ARC = YES;
				CLANG_ENABLE_OBJC_WEAK = YES;
				CLANG_WARN_BLOCK_CAPTURE_AUTORELEASING = YES;
				CLANG_WARN_BOOL_CONVERSION = YES;
				CLANG_WARN_COMMA = YES;
				CLANG_WARN_CONSTANT_CONVERSION = YES;
				CLANG_WARN_DEPRECATED_OBJC_IMPLEMENTATIONS = YES;
				CLANG_WARN_DIRECT_OBJC_ISA_USAGE = YES_ERROR;
				CLANG_WARN_DOCUMENTATION_COMMENTS = YES;
				CLANG_WARN_EMPTY_BODY = YES;
				CLANG_WARN_ENUM_CONVERSION = YES;
				CLANG_WARN_INFINITE_RECURSION = YES;
				CLANG_WARN_INT_CONVERSION = YES;
				CLANG_WARN_NON_LITERAL_NULL_CONVERSION = YES;
				CLANG_WARN_OBJC_IMPLICIT_RETAIN_SELF = YES;
				CLANG_WARN_OBJC_LITERAL_CONVERSION = YES;
				CLANG_WARN_OBJC_ROOT_CLASS = YES_ERROR;
				CLANG_WARN_QUOTED_INCLUDE_IN_FRAMEWORK_HEADER = YES;
				CLANG_WARN_RANGE_LOOP_ANALYSIS = YES;
				CLANG_WARN_STRICT_PROTOTYPES = YES;
				CLANG_WARN_SUSPICIOUS_MOVE = YES;
				CLANG_WARN_UNGUARDED_AVAILABILITY = YES_AGGRESSIVE;
				CLANG_WARN_UNREACHABLE_CODE = YES;
				CLANG_WARN__DUPLICATE_METHOD_MATCH = YES;
				COPY_PHASE_STRIP = NO;
				DEBUG_INFORMATION_FORMAT = "dwarf-with-dsym";
				ENABLE_NS_ASSERTIONS = NO;
				ENABLE_STRICT_OBJC_MSGSEND = YES;
				ENABLE_USER_SCRIPT_SANDBOXING = YES;
				GCC_C_LANGUAGE_STANDARD = gnu17;
				GCC_NO_COMMON_BLOCKS = YES;
				GCC_WARN_64_TO_32_BIT_CONVERSION = YES;
				GCC_WARN_ABOUT_RETURN_TYPE = YES_ERROR;
				GCC_WARN_UNDECLARED_SELECTOR = YES;
				GCC_WARN_UNINITIALIZED_AUTOS = YES_AGGRESSIVE;
				GCC_WARN_UNUSED_FUNCTION = YES;
				GCC_WARN_UNUSED_VARIABLE = YES;
				IPHONEOS_DEPLOYMENT_TARGET = 15.0;
				LOCALIZATION_PREFERS_STRING_CATALOGS = YES;
				MTL_ENABLE_DEBUG_INFO = NO;
				MTL_FAST_MATH = YES;
				SDKROOT = iphoneos;
				SWIFT_COMPILATION_MODE = wholemodule;
				VALIDATE_PRODUCT = YES;
			};
			name = Release;
		};
		8B0F24E32C7730F2002CA7D7 /* Debug */ = {
			isa = XCBuildConfiguration;
			buildSettings = {
				ASSETCATALOG_COMPILER_APPICON_NAME = AppIcon;
				ASSETCATALOG_COMPILER_GLOBAL_ACCENT_COLOR_NAME = AccentColor;
				CODE_SIGN_STYLE = Automatic;
				CURRENT_PROJECT_VERSION = 1;
				GENERATE_INFOPLIST_FILE = YES;
				INFOPLIST_FILE = "ocean-viewer/Info.plist";
				INFOPLIST_KEY_CFBundleDisplayName = "Ocean Viewer";
				INFOPLIST_KEY_LSApplicationCategoryType = "public.app-category.photography";
				INFOPLIST_KEY_UIApplicationSupportsIndirectInputEvents = YES;
				INFOPLIST_KEY_UILaunchStoryboardName = LaunchScreen;
				INFOPLIST_KEY_UISupportedInterfaceOrientations = UIInterfaceOrientationPortrait;
				INFOPLIST_KEY_UISupportedInterfaceOrientations_iPad = "UIInterfaceOrientationLandscapeLeft UIInterfaceOrientationLandscapeRight UIInterfaceOrientationPortrait UIInterfaceOrientationPortraitUpsideDown";
				IPHONEOS_DEPLOYMENT_TARGET = 15.0;
				LD_RUNPATH_SEARCH_PATHS = (
					"$(inherited)",
					"@executable_path/Frameworks",
				);
				MARKETING_VERSION = 1.0;
				PRODUCT_BUNDLE_IDENTIFIER = "io.github.otegecmis.ocean-viewer";
				PRODUCT_NAME = "$(TARGET_NAME)";
				SUPPORTED_PLATFORMS = "iphoneos iphonesimulator";
				SUPPORTS_MACCATALYST = NO;
				SUPPORTS_MAC_DESIGNED_FOR_IPHONE_IPAD = NO;
				SUPPORTS_XR_DESIGNED_FOR_IPHONE_IPAD = NO;
				SWIFT_EMIT_LOC_STRINGS = YES;
				SWIFT_VERSION = 5.0;
				TARGETED_DEVICE_FAMILY = 1;
			};
			name = Debug;
		};
		8B0F24E42C7730F2002CA7D7 /* Release */ = {
			isa = XCBuildConfiguration;
			buildSettings = {
				ASSETCATALOG_COMPILER_APPICON_NAME = AppIcon;
				ASSETCATALOG_COMPILER_GLOBAL_ACCENT_COLOR_NAME = AccentColor;
				CODE_SIGN_STYLE = Automatic;
				CURRENT_PROJECT_VERSION = 1;
				GENERATE_INFOPLIST_FILE = YES;
				INFOPLIST_FILE = "ocean-viewer/Info.plist";
				INFOPLIST_KEY_CFBundleDisplayName = "Ocean Viewer";
				INFOPLIST_KEY_LSApplicationCategoryType = "public.app-category.photography";
				INFOPLIST_KEY_UIApplicationSupportsIndirectInputEvents = YES;
				INFOPLIST_KEY_UILaunchStoryboardName = LaunchScreen;
				INFOPLIST_KEY_UISupportedInterfaceOrientations = UIInterfaceOrientationPortrait;
				INFOPLIST_KEY_UISupportedInterfaceOrientations_iPad = "UIInterfaceOrientationLandscapeLeft UIInterfaceOrientationLandscapeRight UIInterfaceOrientationPortrait UIInterfaceOrientationPortraitUpsideDown";
				IPHONEOS_DEPLOYMENT_TARGET = 15.0;
				LD_RUNPATH_SEARCH_PATHS = (
					"$(inherited)",
					"@executable_path/Frameworks",
				);
				MARKETING_VERSION = 1.0;
				PRODUCT_BUNDLE_IDENTIFIER = "io.github.otegecmis.ocean-viewer";
				PRODUCT_NAME = "$(TARGET_NAME)";
				SUPPORTED_PLATFORMS = "iphoneos iphonesimulator";
				SUPPORTS_MACCATALYST = NO;
				SUPPORTS_MAC_DESIGNED_FOR_IPHONE_IPAD = NO;
				SUPPORTS_XR_DESIGNED_FOR_IPHONE_IPAD = NO;
				SWIFT_EMIT_LOC_STRINGS = YES;
				SWIFT_VERSION = 5.0;
				TARGETED_DEVICE_FAMILY = 1;
			};
			name = Release;
		};
/* End XCBuildConfiguration section */

/* Begin XCConfigurationList section */
		8B0F24C92C7730F0002CA7D7 /* Build configuration list for PBXProject "ocean-viewer" */ = {
			isa = XCConfigurationList;
			buildConfigurations = (
				8B0F24E02C7730F2002CA7D7 /* Debug */,
				8B0F24E12C7730F2002CA7D7 /* Release */,
			);
			defaultConfigurationIsVisible = 0;
			defaultConfigurationName = Release;
		};
		8B0F24E22C7730F2002CA7D7 /* Build configuration list for PBXNativeTarget "ocean-viewer" */ = {
			isa = XCConfigurationList;
			buildConfigurations = (
				8B0F24E32C7730F2002CA7D7 /* Debug */,
				8B0F24E42C7730F2002CA7D7 /* Release */,
			);
			defaultConfigurationIsVisible = 0;
			defaultConfigurationName = Release;
		};
/* End XCConfigurationList section */
	};
	rootObject = 8B0F24C62C7730F0002CA7D7 /* Project object */;
}
